{
  "pins" : [
    {
      "identity" : "skip",
      "kind" : "remoteSourceControl",
      "location" : "https://source.skip.tools/skip.git",
      "state" : {
        "revision" : "d9648eb4241e1adcecf3d7a9527a954f055a61cd",
        "version" : "0.8.42"
      }
    },
    {
      "identity" : "skip-foundation",
      "kind" : "remoteSourceControl",
      "location" : "https://source.skip.tools/skip-foundation.git",
      "state" : {
        "revision" : "7280ffe91da8a56043c6ed2ac55dc2f6104399cd",
        "version" : "0.6.7"
      }
    },
    {
      "identity" : "skip-lib",
      "kind" : "remoteSourceControl",
      "location" : "https://source.skip.tools/skip-lib.git",
      "state" : {
        "revision" : "d1b48a099012b68ecc145053f6fff50dce6aabe6",
        "version" : "0.7.10"
      }
    },
    {
      "identity" : "skip-model",
      "kind" : "remoteSourceControl",
      "location" : "https://source.skip.tools/skip-model.git",
      "state" : {
        "revision" : "1060a77dd6d78b50c2ec69394fa1c332818b1c53",
        "version" : "0.6.1"
      }
    },
    {
      "identity" : "skip-ui",
      "kind" : "remoteSourceControl",
      "location" : "https://source.skip.tools/skip-ui.git",
      "state" : {
        "revision" : "9263ec8f93a4459cdcb48bccea536da8b200c367",
        "version" : "0.8.9"
      }
    },
    {
      "identity" : "skip-unit",
      "kind" : "remoteSourceControl",
      "location" : "https://source.skip.tools/skip-unit.git",
      "state" : {
        "revision" : "61d6e0ed30b3f98293c6a8dd94ed1aa08152c050",
        "version" : "0.6.5"
      }
    }
  ],
  "version" : 2
}
